
Microsoft Visual Studio Solution File, Format Version 12.00
# Visual Studio Version 17
VisualStudioVersion = 17.14.36408.4 d17.14
MinimumVisualStudioVersion = 10.0.40219.1
Project("{FAE04EC0-301F-11D3-BF4B-00C04F79EFBC}") = "further-maths", "further-maths\further-maths.csproj", "{01B9119E-A6CE-4E6C-AC72-FF9552EAC83F}"
EndProject
Global
	GlobalSection(SolutionConfigurationPlatforms) = preSolution
		Debug|Any CPU = Debug|Any CPU
		Release|Any CPU = Release|Any CPU
	EndGlobalSection
	GlobalSection(ProjectConfigurationPlatforms) = postSolution
		{01B9119E-A6CE-4E6C-AC72-FF9552EAC83F}.Debug|Any CPU.ActiveCfg = Debug|Any CPU
		{01B9119E-A6CE-4E6C-AC72-FF9552EAC83F}.Debug|Any CPU.Build.0 = Debug|Any CPU
		{01B9119E-A6CE-4E6C-AC72-FF9552EAC83F}.Release|Any CPU.ActiveCfg = Release|Any CPU
		{01B9119E-A6CE-4E6C-AC72-FF9552EAC83F}.Release|Any CPU.Build.0 = Release|Any CPU
	EndGlobalSection
	GlobalSection(SolutionProperties) = preSolution
		HideSolutionNode = FALSE
	EndGlobalSection
	GlobalSection(ExtensibilityGlobals) = postSolution
		SolutionGuid = {E384A453-7398-4DD8-9EBC-1C7AE71E24A1}
	EndGlobalSection
EndGlobal
